
Microsoft Visual Studio Solution File, Format Version 12.00
# Visual Studio Version 17
VisualStudioVersion = 17.0.31903.59
MinimumVisualStudioVersion = 10.0.40219.1
Project("{2150E333-8FDC-42A3-9474-1A3956D46DE8}") = "Solution Items", "Solution Items", "{53458B67-8398-4418-A53F-4182E17B6100}"
	ProjectSection(SolutionItems) = preProject
		add_foreign_keys.sql = add_foreign_keys.sql
		create_tables.sql = create_tables.sql
		insert_data.sql = insert_data.sql
		tests.sql = tests.sql
	EndProjectSection
EndProject
Global
	GlobalSection(SolutionProperties) = preSolution
		HideSolutionNode = FALSE
	EndGlobalSection
	GlobalSection(ExtensibilityGlobals) = postSolution
		SolutionGuid = {48EC388F-7896-4AD6-86FF-A8AC64E356AD}
	EndGlobalSection
EndGlobal
